
Microsoft Visual Studio Solution File, Format Version 12.00
# Visual Studio Version 17
VisualStudioVersion = 17.5.33414.496
MinimumVisualStudioVersion = 10.0.40219.1
Project("{FAE04EC0-301F-11D3-BF4B-00C04F79EFBC}") = "Empadronamiento", "Empadronamiento.csproj", "{BC7C2963-B47F-4D2A-A734-9C82BA98A88D}"
EndProject
Global
	GlobalSection(SolutionConfigurationPlatforms) = preSolution
		Debug|Any CPU = Debug|Any CPU
		Release|Any CPU = Release|Any CPU
	EndGlobalSection
	GlobalSection(ProjectConfigurationPlatforms) = postSolution
		{BC7C2963-B47F-4D2A-A734-9C82BA98A88D}.Debug|Any CPU.ActiveCfg = Debug|Any CPU
		{BC7C2963-B47F-4D2A-A734-9C82BA98A88D}.Debug|Any CPU.Build.0 = Debug|Any CPU
		{BC7C2963-B47F-4D2A-A734-9C82BA98A88D}.Release|Any CPU.ActiveCfg = Release|Any CPU
		{BC7C2963-B47F-4D2A-A734-9C82BA98A88D}.Release|Any CPU.Build.0 = Release|Any CPU
	EndGlobalSection
	GlobalSection(SolutionProperties) = preSolution
		HideSolutionNode = FALSE
	EndGlobalSection
	GlobalSection(ExtensibilityGlobals) = postSolution
		SolutionGuid = {A99B19F5-8502-4FE3-A727-5C1CD4F5274D}
	EndGlobalSection
EndGlobal
